dependencies:
  georgik/lua:
    component_hash: 1ab17ca24960f462aa403fc8d338c37c0cee4dbc308c7393c270746c6d979f97
    dependencies:
    - name: idf
      require: private
      version: '>=5.0.0'
    source:
      registry_url: https://components.espressif.com/
      type: service
    version: 5.4.7
  idf:
    source:
      type: idf
    version: 5.5.2
  joltwallet/littlefs:
    component_hash: dcea25bcef2de023f089f5f01e8d8c46ad1b8ffef75861ad5ffb4098555839df
    dependencies:
    - name: idf
      require: private
      version: '>=5.0'
    source:
      registry_url: https://components.espressif.com/
      type: service
    version: 1.20.4
direct_dependencies:
- georgik/lua
- joltwallet/littlefs
manifest_hash: 28002fad403f6dc18884bad581d209b99086fb42e13d7f74138d55a2c5ffda8c
target: esp32s3
version: 2.0.0
